
Microsoft Visual Studio Solution File, Format Version 12.00
# Visual Studio Version 16
VisualStudioVersion = 16.0.31112.23
MinimumVisualStudioVersion = 10.0.40219.1
Project("{FAE04EC0-301F-11D3-BF4B-00C04F79EFBC}") = "PagnigMissionControl", "PagnigMissionControl\PagnigMissionControl.csproj", "{1559A66E-0B4C-4D77-8A93-BA432A23BF8D}"
EndProject
Global
	GlobalSection(SolutionConfigurationPlatforms) = preSolution
		Debug|Any CPU = Debug|Any CPU
		Release|Any CPU = Release|Any CPU
	EndGlobalSection
	GlobalSection(ProjectConfigurationPlatforms) = postSolution
		{1559A66E-0B4C-4D77-8A93-BA432A23BF8D}.Debug|Any CPU.ActiveCfg = Debug|Any CPU
		{1559A66E-0B4C-4D77-8A93-BA432A23BF8D}.Debug|Any CPU.Build.0 = Debug|Any CPU
		{1559A66E-0B4C-4D77-8A93-BA432A23BF8D}.Release|Any CPU.ActiveCfg = Release|Any CPU
		{1559A66E-0B4C-4D77-8A93-BA432A23BF8D}.Release|Any CPU.Build.0 = Release|Any CPU
	EndGlobalSection
	GlobalSection(SolutionProperties) = preSolution
		HideSolutionNode = FALSE
	EndGlobalSection
	GlobalSection(ExtensibilityGlobals) = postSolution
		SolutionGuid = {88BE1E5F-2A57-4311-962C-333F356341E4}
	EndGlobalSection
EndGlobal
